
Microsoft Visual Studio Solution File, Format Version 12.00
# Visual Studio 15
VisualStudioVersion = 15.0.27130.2024
MinimumVisualStudioVersion = 10.0.40219.1
Project("{2150E333-8FDC-42A3-9474-1A3956D46DE8}") = "01 kintamieji", "01 kintamieji", "{4B71A08B-1AE2-4C0F-8B6E-3BD57D0EC8E6}"
EndProject
Project("{2150E333-8FDC-42A3-9474-1A3956D46DE8}") = "02 isvedimai", "02 isvedimai", "{427F5AF1-955B-4B4C-B486-6C57066F3D09}"
EndProject
Project("{2150E333-8FDC-42A3-9474-1A3956D46DE8}") = "04 ivedimai", "04 ivedimai", "{17A8EE38-C327-41A3-8D6D-4447E7648BA9}"
EndProject
Project("{2150E333-8FDC-42A3-9474-1A3956D46DE8}") = "03 aritmetiniai veiksmai", "03 aritmetiniai veiksmai", "{7D82BAE6-B06A-4095-977F-1AA0780061D1}"
EndProject
Project("{FAE04EC0-301F-11D3-BF4B-00C04F79EFBC}") = "01_1 uzduotis", "01_1 uzduotis\01_1 uzduotis.csproj", "{2CD14BC7-9AF6-4F96-BDBA-EAADA0616622}"
EndProject
Project("{2150E333-8FDC-42A3-9474-1A3956D46DE8}") = "05 if salyga", "05 if salyga", "{D59E8B1C-91CB-4D17-B298-CB17F3924C94}"
EndProject
Project("{FAE04EC0-301F-11D3-BF4B-00C04F79EFBC}") = "02_1 uzduotis", "02_1 uzduotis\02_1 uzduotis.csproj", "{8A731559-A514-4A95-9061-252BDAD4B252}"
EndProject
Project("{FAE04EC0-301F-11D3-BF4B-00C04F79EFBC}") = "02_2 uzduotis", "02_2 uzduotis\02_2 uzduotis.csproj", "{74BA1466-0E5E-403B-96A8-07BF67A179D1}"
EndProject
Project("{FAE04EC0-301F-11D3-BF4B-00C04F79EFBC}") = "02_03 uzduotis", "02_03 uzduotis\02_03 uzduotis.csproj", "{01E1AE10-33F9-489C-93C4-7F50411D36E5}"
EndProject
Project("{FAE04EC0-301F-11D3-BF4B-00C04F79EFBC}") = "02_04 uzduotis", "02_04 uzduotis\02_04 uzduotis.csproj", "{ACA13EE2-38DC-4BF3-A6F3-37047A76F3D6}"
EndProject
Project("{FAE04EC0-301F-11D3-BF4B-00C04F79EFBC}") = "02_05 uzduotis", "02_05 uzduotis\02_05 uzduotis.csproj", "{4B695E90-92BD-4AB5-84FC-B15209DB41E4}"
EndProject
Project("{FAE04EC0-301F-11D3-BF4B-00C04F79EFBC}") = "02_06 uzduotis", "02_06 uzduotis\02_06 uzduotis.csproj", "{0EA4328E-2B78-4DA4-AA41-5D18E8051C8D}"
EndProject
Project("{FAE04EC0-301F-11D3-BF4B-00C04F79EFBC}") = "03_01 uzduotis", "04_01 uzduotis\03_01 uzduotis.csproj", "{1CD74734-E9DE-4191-9B86-701CE2C93504}"
EndProject
Project("{FAE04EC0-301F-11D3-BF4B-00C04F79EFBC}") = "03_02 uzduotis", "04_02 uzduotis\03_02 uzduotis.csproj", "{8DFAB8DC-8448-4957-AB4C-9F6CC0B78985}"
EndProject
Project("{FAE04EC0-301F-11D3-BF4B-00C04F79EFBC}") = "03_03 uzduotis", "04_03 uzduotis\03_03 uzduotis.csproj", "{E069902B-14DC-4855-8659-759FA621AA2F}"
EndProject
Project("{FAE04EC0-301F-11D3-BF4B-00C04F79EFBC}") = "03_04 uzduotis", "03_04 uzduotis\03_04 uzduotis.csproj", "{C5896625-9C4A-4430-9DF1-4D7B7EF5C04D}"
EndProject
Project("{FAE04EC0-301F-11D3-BF4B-00C04F79EFBC}") = "03_05 uzduotis", "03_05 uzduotis\03_05 uzduotis.csproj", "{4DE238DA-F06A-4264-810F-42F4EAFA38C0}"
EndProject
Project("{FAE04EC0-301F-11D3-BF4B-00C04F79EFBC}") = "03_06 uzduotis", "03_06 uzduotis\03_06 uzduotis.csproj", "{BA50C9D2-FB71-4F2A-97BA-53EBC4982738}"
EndProject
Project("{FAE04EC0-301F-11D3-BF4B-00C04F79EFBC}") = "04-01 uzduotis", "04-01 uzduotis\04-01 uzduotis.csproj", "{774CFE1B-EEE8-4D49-9577-23C5A3DE948B}"
EndProject
Project("{FAE04EC0-301F-11D3-BF4B-00C04F79EFBC}") = "04-02 uzduotis", "04-02 uzduotis\04-02 uzduotis.csproj", "{9B3A39A5-4DE7-4D9F-B706-E64D20EBD8C5}"
EndProject
Project("{FAE04EC0-301F-11D3-BF4B-00C04F79EFBC}") = "04-03 uzduotis", "04-03 uzduotis\04-03 uzduotis.csproj", "{DB8D9B96-822B-46B3-AE3A-0FCAE0034152}"
EndProject
Project("{FAE04EC0-301F-11D3-BF4B-00C04F79EFBC}") = "04-04 uzduotis", "04-04 uzduotis\04-04 uzduotis.csproj", "{820956F8-168E-4AD9-AB07-B6613FC3DF1C}"
EndProject
Project("{FAE04EC0-301F-11D3-BF4B-00C04F79EFBC}") = "05_01 uzduotis", "05_01 uzduotis\05_01 uzduotis.csproj", "{F82238EC-C15E-4B19-B1DC-C557BFC68E03}"
EndProject
Project("{FAE04EC0-301F-11D3-BF4B-00C04F79EFBC}") = "05_02 uzduotis", "05_02 uzduotis\05_02 uzduotis.csproj", "{A42B170B-F756-4E0F-8175-332EDAA05BC7}"
EndProject
Project("{FAE04EC0-301F-11D3-BF4B-00C04F79EFBC}") = "05_03 uzduotis", "05_03 uzduotis\05_03 uzduotis.csproj", "{FF661E28-7CFE-48FF-B7F1-417258E68759}"
EndProject
Project("{FAE04EC0-301F-11D3-BF4B-00C04F79EFBC}") = "05_04 uzduotis", "05_04 uzduotis\05_04 uzduotis.csproj", "{E8C29EB5-32E4-4FD5-B0C8-9C8C74C1095B}"
EndProject
Project("{2150E333-8FDC-42A3-9474-1A3956D46DE8}") = "else if salyga", "else if salyga", "{FDD9E3FB-8D7F-42A6-A23D-6AC5DF3078AA}"
EndProject
Project("{FAE04EC0-301F-11D3-BF4B-00C04F79EFBC}") = "01_01 uzduotis", "01_01 uzduotis\01_01 uzduotis.csproj", "{8647A496-2B2D-4E1D-AFFB-3E93A10FCFE4}"
EndProject
Project("{FAE04EC0-301F-11D3-BF4B-00C04F79EFBC}") = "01_02 uzduotis", "01_02 uzduotis\01_02 uzduotis.csproj", "{8AE43F74-C991-413F-8947-5398ACE67EDD}"
EndProject
Project("{FAE04EC0-301F-11D3-BF4B-00C04F79EFBC}") = "01_03 uzduotis", "01_03 uzduotis\01_03 uzduotis.csproj", "{0101504A-810E-4D98-8A53-9E5B4E263C6B}"
EndProject
Project("{2150E333-8FDC-42A3-9474-1A3956D46DE8}") = "else", "else", "{F749FC25-54C0-4105-8F90-3D03B5D2858C}"
EndProject
Project("{FAE04EC0-301F-11D3-BF4B-00C04F79EFBC}") = "01_01 else uzduotis", "01_01 else uzduotis\01_01 else uzduotis.csproj", "{0AE18523-9FDF-4452-82E2-63C8A2AAFDD5}"
EndProject
Project("{FAE04EC0-301F-11D3-BF4B-00C04F79EFBC}") = "01_02 else uzduotis", "01_02 else uzduotis\01_02 else uzduotis.csproj", "{9A5C9934-0E70-4EA8-8305-66AB229139BB}"
EndProject
Project("{2150E333-8FDC-42A3-9474-1A3956D46DE8}") = "06 patikrinimo operatoriai", "06 patikrinimo operatoriai", "{712BAD25-3B84-4F60-8C21-7722538F881C}"
EndProject
Project("{FAE04EC0-301F-11D3-BF4B-00C04F79EFBC}") = "06_01 uzduotis", "06_01 uzduotis\06_01 uzduotis.csproj", "{B0995E0A-C6B0-44BA-B4BA-49272BCEBBB0}"
EndProject
Project("{2150E333-8FDC-42A3-9474-1A3956D46DE8}") = "07 switch", "07 switch", "{CB21EC55-408A-4F50-9244-DFA3AAE887DC}"
EndProject
Project("{FAE04EC0-301F-11D3-BF4B-00C04F79EFBC}") = "07_01 uzduotis", "07_01 uzduotis\07_01 uzduotis.csproj", "{01CF46A2-DDA7-428A-A9BB-B5A02E370CC0}"
EndProject
Project("{FAE04EC0-301F-11D3-BF4B-00C04F79EFBC}") = "07_02 uzduotis", "07_02 uzduotis\07_02 uzduotis.csproj", "{878E21FA-6DA7-4B34-AF01-C30C027B44B1}"
EndProject
Project("{2150E333-8FDC-42A3-9474-1A3956D46DE8}") = "Tarpine uzduotis", "Tarpine uzduotis", "{608645FE-DA31-48E9-B29F-58EAEE50BDE7}"
EndProject
Project("{FAE04EC0-301F-11D3-BF4B-00C04F79EFBC}") = "uzduotis 1", "uzduotis 1\uzduotis 1.csproj", "{0587109D-E77D-4AD7-AAFC-89DF0B893EB7}"
EndProject
Project("{FAE04EC0-301F-11D3-BF4B-00C04F79EFBC}") = "uzduotis 2", "uzduotis 2\uzduotis 2.csproj", "{52D9EF47-6DE3-45CC-B3D6-D117E11B0038}"
EndProject
Project("{2150E333-8FDC-42A3-9474-1A3956D46DE8}") = "08 ciklai", "08 ciklai", "{8312F1A0-9A71-45D6-9215-1BEBB7A2B03A}"
EndProject
Project("{2150E333-8FDC-42A3-9474-1A3956D46DE8}") = "for", "for", "{2A6C79DB-580C-47EA-AD86-C3D1BF83C0DB}"
EndProject
Project("{FAE04EC0-301F-11D3-BF4B-00C04F79EFBC}") = "_08_01 for", "_08_01 for\_08_01 for.csproj", "{A52175E6-BE24-441F-9E07-5FD1EC84F658}"
EndProject
Project("{FAE04EC0-301F-11D3-BF4B-00C04F79EFBC}") = "08_02 uzduotis", "08_02 uzduotis\08_02 uzduotis.csproj", "{93FCEAE1-EF60-4379-B9FB-1E7755B1DC82}"
EndProject
Project("{FAE04EC0-301F-11D3-BF4B-00C04F79EFBC}") = "08_03 uzduotis", "08_03 uzduotis\08_03 uzduotis.csproj", "{F25289E8-0341-4AD0-9736-938BD91E8DC7}"
EndProject
Project("{FAE04EC0-301F-11D3-BF4B-00C04F79EFBC}") = "08_04 uzduotis", "08_04 uzduotis\08_04 uzduotis.csproj", "{BF617F14-3B1D-47A9-A00D-5BF3C81CFA91}"
EndProject
Project("{FAE04EC0-301F-11D3-BF4B-00C04F79EFBC}") = "08_05 uzduotis", "08_05 uzduotis\08_05 uzduotis.csproj", "{C8F24CAD-8FB9-402D-972F-149B65D8A67A}"
EndProject
Project("{FAE04EC0-301F-11D3-BF4B-00C04F79EFBC}") = "08_06 uzduotis", "08_06 uzduotis\08_06 uzduotis.csproj", "{2FAACE23-355E-4967-9777-958AF283D337}"
EndProject
Project("{FAE04EC0-301F-11D3-BF4B-00C04F79EFBC}") = "08_07 (optional) uzduotis", "08_07 uzduotis\08_07 (optional) uzduotis.csproj", "{F01D401A-1B84-420B-B4AC-66B0C2217225}"
EndProject
Project("{FAE04EC0-301F-11D3-BF4B-00C04F79EFBC}") = "_08_07 uzduotis", "_08_07 uzduotis\_08_07 uzduotis.csproj", "{1B0DBFF6-00AF-42E7-8B33-CBFD13BB27B0}"
EndProject
Project("{FAE04EC0-301F-11D3-BF4B-00C04F79EFBC}") = "08_08 uzduotis", "08_08 uzduotis\08_08 uzduotis.csproj", "{0C984846-AB72-4865-99AD-81FD326CAF57}"
EndProject
Project("{FAE04EC0-301F-11D3-BF4B-00C04F79EFBC}") = "08_09 uzduotis", "08_09 uzduotis\08_09 uzduotis.csproj", "{06F6C3AF-E7FD-471C-9035-8BC542FDE3E9}"
EndProject
Project("{FAE04EC0-301F-11D3-BF4B-00C04F79EFBC}") = "08_10 uzduotis", "08_10 uzduotis\08_10 uzduotis.csproj", "{809F3FC0-23B1-4319-8CFA-2A862C52DF99}"
EndProject
Project("{FAE04EC0-301F-11D3-BF4B-00C04F79EFBC}") = "08_11 uzduotis", "08_11 uzduotis\08_11 uzduotis.csproj", "{D8099B42-F5BF-4F27-9951-ECBA46A919AB}"
EndProject
Project("{FAE04EC0-301F-11D3-BF4B-00C04F79EFBC}") = "08_12 uzduotis", "08_12 uzduotis\08_12 uzduotis.csproj", "{96FC0477-0333-4EBB-ADA5-A4C43B853DEB}"
EndProject
Project("{FAE04EC0-301F-11D3-BF4B-00C04F79EFBC}") = "08_13 uzduotis", "08_13 uzduotis\08_13 uzduotis.csproj", "{B861CB51-F852-4871-A430-556FCD564ED6}"
EndProject
Project("{2150E333-8FDC-42A3-9474-1A3956D46DE8}") = "while", "while", "{0DA94CE4-2D73-42AA-808C-8921EFA63454}"
EndProject
Project("{FAE04EC0-301F-11D3-BF4B-00C04F79EFBC}") = "08_01 while", "08_01 while\08_01 while.csproj", "{759BE6A7-FC3A-4B28-A990-BE4AC3B12070}"
EndProject
Project("{FAE04EC0-301F-11D3-BF4B-00C04F79EFBC}") = "08_02 while", "08_02 while\08_02 while.csproj", "{CF240C56-6EA8-457F-B019-E9CB2ACE1BD4}"
EndProject
Project("{FAE04EC0-301F-11D3-BF4B-00C04F79EFBC}") = "08_03 while", "08_03 while\08_03 while.csproj", "{D9BF032C-53C8-4B8A-B5EF-2CC03F70AD5B}"
EndProject
Project("{FAE04EC0-301F-11D3-BF4B-00C04F79EFBC}") = "08_04 while", "08_04 while\08_04 while.csproj", "{5F09B684-0613-4CA6-8FBE-E2A76FC1D617}"
EndProject
Project("{FAE04EC0-301F-11D3-BF4B-00C04F79EFBC}") = "08_05 while", "08_05 while\08_05 while.csproj", "{E2A9AF69-719C-4BE5-B4E2-1BEC4446AF1B}"
EndProject
Project("{FAE04EC0-301F-11D3-BF4B-00C04F79EFBC}") = "08_06 (optional) while", "08_06 (optional) while\08_06 (optional) while.csproj", "{DA9FF008-6837-45A0-9D62-F2E5D6E6AB1C}"
EndProject
Project("{2150E333-8FDC-42A3-9474-1A3956D46DE8}") = "do while", "do while", "{30666130-AF2E-408C-8AFC-AB3F2789616D}"
EndProject
Project("{FAE04EC0-301F-11D3-BF4B-00C04F79EFBC}") = "08_01 do while", "08_01 do while\08_01 do while.csproj", "{1051EE36-F4CF-4B46-9F20-BAB6D75B3181}"
EndProject
Project("{FAE04EC0-301F-11D3-BF4B-00C04F79EFBC}") = "uzduotis 3 (do while)", "uzduotis 3 (do while)\uzduotis 3 (do while).csproj", "{76828638-7AFA-4AE7-B32B-C3FE439773F1}"
EndProject
Project("{FAE04EC0-301F-11D3-BF4B-00C04F79EFBC}") = "uzduotis 4 (do while)", "uzduotis 4 (do while)\uzduotis 4 (do while).csproj", "{FBB2B46B-4A94-443D-B3FA-DAA103181856}"
EndProject
Project("{2150E333-8FDC-42A3-9474-1A3956D46DE8}") = "09 masyvai", "09 masyvai", "{1ECBCF18-5BAD-4316-975D-B0059D4D6779}"
EndProject
Project("{FAE04EC0-301F-11D3-BF4B-00C04F79EFBC}") = "09_01 uzduotis", "09_01 uzduotis\09_01 uzduotis.csproj", "{0F106B27-E538-4E00-B829-1CAD6E4F4094}"
EndProject
Project("{2150E333-8FDC-42A3-9474-1A3956D46DE8}") = "10 sarasas", "10 sarasas", "{4043E6C6-2B13-4E37-900B-713DED4E6631}"
EndProject
Project("{2150E333-8FDC-42A3-9474-1A3956D46DE8}") = "11 metodai (funkcijos)", "11 metodai (funkcijos)", "{A1E83BEC-73E1-402D-9205-3605B5A8D1BF}"
EndProject
Project("{FAE04EC0-301F-11D3-BF4B-00C04F79EFBC}") = "09_02 uzduotis", "09_02 uzduotis\09_02 uzduotis.csproj", "{DC6D7A2F-901F-4785-9B28-D274FDAA878F}"
EndProject
Project("{FAE04EC0-301F-11D3-BF4B-00C04F79EFBC}") = "09 mano susigalvota", "09 mano susigalvota\09 mano susigalvota.csproj", "{5DD6CA34-26BF-4D4E-A49A-AAFD8BF8D6BF}"
EndProject
Project("{FAE04EC0-301F-11D3-BF4B-00C04F79EFBC}") = "08_02 do while (sunki uzduotis)", "08_02 do while (sunki uzduotis)\08_02 do while (sunki uzduotis).csproj", "{082911CD-37F4-4269-909C-0D3E669634E5}"
EndProject
Project("{FAE04EC0-301F-11D3-BF4B-00C04F79EFBC}") = "09_03 uzduotis", "09_03 uzduotis\09_03 uzduotis.csproj", "{7EE589DA-939C-4D3B-9DD3-CFB4332C8ED8}"
EndProject
Project("{FAE04EC0-301F-11D3-BF4B-00C04F79EFBC}") = "09_04 uzduotis", "09_04 uzduotis\09_04 uzduotis.csproj", "{BCAE8546-D241-443C-9929-9B9C78653B65}"
EndProject
Project("{FAE04EC0-301F-11D3-BF4B-00C04F79EFBC}") = "09_05 uzduotis", "09_05 uzduotis\09_05 uzduotis.csproj", "{7A2BDFCF-C267-40D7-872E-DDB3B3AD9EFF}"
EndProject
Project("{2150E333-8FDC-42A3-9474-1A3956D46DE8}") = "Pakartojimas", "Pakartojimas", "{2D89DFD3-DD8A-4816-AFDE-57BF8E0E2A23}"
EndProject
Project("{FAE04EC0-301F-11D3-BF4B-00C04F79EFBC}") = "Masyvai1", "Masyvai1\Masyvai1.csproj", "{ECC07A46-C503-429E-ADB6-09694D1387F9}"
EndProject
Project("{FAE04EC0-301F-11D3-BF4B-00C04F79EFBC}") = "Masyvai2", "Masyvai2\Masyvai2.csproj", "{0B228168-8110-4E32-BA95-DF2D97282A8C}"
EndProject
Project("{FAE04EC0-301F-11D3-BF4B-00C04F79EFBC}") = "Masyvai3", "Masyvai3\Masyvai3.csproj", "{101B972C-C897-4762-8483-F0B0C7BC6DBF}"
EndProject
Project("{FAE04EC0-301F-11D3-BF4B-00C04F79EFBC}") = "10_01 uzduotis", "10_01 uzduotis\10_01 uzduotis.csproj", "{57A43DFC-5433-4DAA-8FC1-0019A9B1F4E7}"
EndProject
Project("{FAE04EC0-301F-11D3-BF4B-00C04F79EFBC}") = "10_02 uzduotis", "10_02 uzduotis\10_02 uzduotis.csproj", "{9A44EFC7-9411-4D67-AF0F-CCC3CBB71983}"
EndProject
Project("{FAE04EC0-301F-11D3-BF4B-00C04F79EFBC}") = "10_03 uzduotis", "10_03 uzduotis\10_03 uzduotis.csproj", "{BCBA8780-AB83-4676-8593-F0461FA67D37}"
EndProject
Project("{FAE04EC0-301F-11D3-BF4B-00C04F79EFBC}") = "10_04 uzduotis", "10_04 uzduotis\10_04 uzduotis.csproj", "{3C28CEA1-BF89-46E8-A8E1-950F2E5E80CF}"
EndProject
Project("{FAE04EC0-301F-11D3-BF4B-00C04F79EFBC}") = "10_05 uzduotis", "10_05 uzduotis\10_05 uzduotis.csproj", "{E44E0C64-7522-4C1C-82C3-FCAC1020111E}"
EndProject
Project("{FAE04EC0-301F-11D3-BF4B-00C04F79EFBC}") = "11_01 uzduotis", "11_01 uzduotis\11_01 uzduotis.csproj", "{FB505E82-D1BE-4B6E-90E5-3121D95E529D}"
EndProject
Project("{FAE04EC0-301F-11D3-BF4B-00C04F79EFBC}") = "pavyzdys1", "pavyzdys1\pavyzdys1.csproj", "{3D382501-FEC2-47EA-997B-D0DEE1045C4D}"
EndProject
Project("{FAE04EC0-301F-11D3-BF4B-00C04F79EFBC}") = "Pavyzdys2", "Pavyzdys2\Pavyzdys2.csproj", "{9E00E1A9-20FC-49D2-A7B6-F97A2535FA57}"
EndProject
Project("{FAE04EC0-301F-11D3-BF4B-00C04F79EFBC}") = "11_02 uzduotis", "11_02 uzduotis\11_02 uzduotis.csproj", "{C5527108-EFF0-4CEE-9026-F4B5F3123A21}"
EndProject
Project("{FAE04EC0-301F-11D3-BF4B-00C04F79EFBC}") = "11_05 uzduotis", "11_05 uzduotis\11_05 uzduotis.csproj", "{417BD64D-F022-458C-9E28-E17B53F01CB0}"
EndProject
Project("{FAE04EC0-301F-11D3-BF4B-00C04F79EFBC}") = "11_06 uzduoti", "11_06 uzduoti\11_06 uzduoti.csproj", "{189447D6-E5B0-437C-9D8A-52C2C99EE384}"
EndProject
Project("{FAE04EC0-301F-11D3-BF4B-00C04F79EFBC}") = "11_07 uzduotis", "11_07 uzduotis\11_07 uzduotis.csproj", "{806E68D1-0730-4B34-9FE1-19A05439F3C9}"
EndProject
Project("{2150E333-8FDC-42A3-9474-1A3956D46DE8}") = "12 klases", "12 klases", "{2CF1359F-3B00-4A35-9888-D6BDE1A6C31E}"
EndProject
Project("{FAE04EC0-301F-11D3-BF4B-00C04F79EFBC}") = "12_01 uzduotis", "12_01 uzduotis\12_01 uzduotis.csproj", "{EFB1D03E-3E7E-46FE-8380-532DB373B6DC}"
EndProject
Project("{FAE04EC0-301F-11D3-BF4B-00C04F79EFBC}") = "12_02 studentai", "12_02 studentai\12_02 studentai.csproj", "{3CE1696F-0E12-406E-A9AC-A89748306728}"
EndProject
Project("{FAE04EC0-301F-11D3-BF4B-00C04F79EFBC}") = "12_03 mano sugalvota", "12_03 mano sugalvota\12_03 mano sugalvota.csproj", "{FE4D2040-6AB4-4093-8A85-2E5DB709F45A}"
EndProject
Project("{FAE04EC0-301F-11D3-BF4B-00C04F79EFBC}") = "12_04 Seima", "12_04 Seima\12_04 Seima.csproj", "{2E256B88-2726-4611-B270-1F1F09BC8DFB}"
EndProject
Project("{FAE04EC0-301F-11D3-BF4B-00C04F79EFBC}") = "12_05 garazas", "12_05 garazas\12_05 garazas.csproj", "{94EC5D7F-D6FD-478D-8B4E-00A260DF476F}"
EndProject
Project("{2150E333-8FDC-42A3-9474-1A3956D46DE8}") = "13 gui", "13 gui", "{40EABBAA-52DC-4EF5-B224-566B573F09FF}"
EndProject
Project("{FAE04EC0-301F-11D3-BF4B-00C04F79EFBC}") = "13_01 pradmenys", "13_01 pradmenys\13_01 pradmenys.csproj", "{7A9B405B-F148-4F24-83F3-EEDDF3E5978F}"
EndProject
Project("{FAE04EC0-301F-11D3-BF4B-00C04F79EFBC}") = "13_02 uzduotis", "13_02 uzduotis\13_02 uzduotis.csproj", "{A445FB46-B50A-4B2D-8E64-E23425CDF7CE}"
EndProject
Project("{FAE04EC0-301F-11D3-BF4B-00C04F79EFBC}") = "13_03 uzduotis", "13_03 uzduotis\13_03 uzduotis.csproj", "{0D31204C-6F14-4B7E-8FA6-64215BAB2233}"
EndProject
Project("{FAE04EC0-301F-11D3-BF4B-00C04F79EFBC}") = "13_04 skaiciuotuvas (mano susigalvota)", "13_04 skaiciuotuvas (mano susigalvota)\13_04 skaiciuotuvas (mano susigalvota).csproj", "{B0F67D7F-5997-450B-8820-3896B1E72334}"
EndProject
Project("{FAE04EC0-301F-11D3-BF4B-00C04F79EFBC}") = "Kontrolinis2_Povilas_Bukelis", "Kontrolinis2_Povilas_Bukelis\Kontrolinis2_Povilas_Bukelis.csproj", "{2880126A-CD4E-44E0-BF81-EC6BC04892C8}"
EndProject
Project("{FAE04EC0-301F-11D3-BF4B-00C04F79EFBC}") = "13_05 kontrolinis", "13_05 kontrolinis\13_05 kontrolinis.csproj", "{D2703134-1CEF-4877-B3FA-FF21947A530B}"
EndProject
Global
	GlobalSection(SolutionConfigurationPlatforms) = preSolution
		Debug|Any CPU = Debug|Any CPU
		Release|Any CPU = Release|Any CPU
	EndGlobalSection
	GlobalSection(ProjectConfigurationPlatforms) = postSolution
		{2CD14BC7-9AF6-4F96-BDBA-EAADA0616622}.Debug|Any CPU.ActiveCfg = Debug|Any CPU
		{2CD14BC7-9AF6-4F96-BDBA-EAADA0616622}.Debug|Any CPU.Build.0 = Debug|Any CPU
		{2CD14BC7-9AF6-4F96-BDBA-EAADA0616622}.Release|Any CPU.ActiveCfg = Release|Any CPU
		{2CD14BC7-9AF6-4F96-BDBA-EAADA0616622}.Release|Any CPU.Build.0 = Release|Any CPU
		{8A731559-A514-4A95-9061-252BDAD4B252}.Debug|Any CPU.ActiveCfg = Debug|Any CPU
		{8A731559-A514-4A95-9061-252BDAD4B252}.Debug|Any CPU.Build.0 = Debug|Any CPU
		{8A731559-A514-4A95-9061-252BDAD4B252}.Release|Any CPU.ActiveCfg = Release|Any CPU
		{8A731559-A514-4A95-9061-252BDAD4B252}.Release|Any CPU.Build.0 = Release|Any CPU
		{74BA1466-0E5E-403B-96A8-07BF67A179D1}.Debug|Any CPU.ActiveCfg = Debug|Any CPU
		{74BA1466-0E5E-403B-96A8-07BF67A179D1}.Debug|Any CPU.Build.0 = Debug|Any CPU
		{74BA1466-0E5E-403B-96A8-07BF67A179D1}.Release|Any CPU.ActiveCfg = Release|Any CPU
		{74BA1466-0E5E-403B-96A8-07BF67A179D1}.Release|Any CPU.Build.0 = Release|Any CPU
		{01E1AE10-33F9-489C-93C4-7F50411D36E5}.Debug|Any CPU.ActiveCfg = Debug|Any CPU
		{01E1AE10-33F9-489C-93C4-7F50411D36E5}.Debug|Any CPU.Build.0 = Debug|Any CPU
		{01E1AE10-33F9-489C-93C4-7F50411D36E5}.Release|Any CPU.ActiveCfg = Release|Any CPU
		{01E1AE10-33F9-489C-93C4-7F50411D36E5}.Release|Any CPU.Build.0 = Release|Any CPU
		{ACA13EE2-38DC-4BF3-A6F3-37047A76F3D6}.Debug|Any CPU.ActiveCfg = Debug|Any CPU
		{ACA13EE2-38DC-4BF3-A6F3-37047A76F3D6}.Debug|Any CPU.Build.0 = Debug|Any CPU
		{ACA13EE2-38DC-4BF3-A6F3-37047A76F3D6}.Release|Any CPU.ActiveCfg = Release|Any CPU
		{ACA13EE2-38DC-4BF3-A6F3-37047A76F3D6}.Release|Any CPU.Build.0 = Release|Any CPU
		{4B695E90-92BD-4AB5-84FC-B15209DB41E4}.Debug|Any CPU.ActiveCfg = Debug|Any CPU
		{4B695E90-92BD-4AB5-84FC-B15209DB41E4}.Debug|Any CPU.Build.0 = Debug|Any CPU
		{4B695E90-92BD-4AB5-84FC-B15209DB41E4}.Release|Any CPU.ActiveCfg = Release|Any CPU
		{4B695E90-92BD-4AB5-84FC-B15209DB41E4}.Release|Any CPU.Build.0 = Release|Any CPU
		{0EA4328E-2B78-4DA4-AA41-5D18E8051C8D}.Debug|Any CPU.ActiveCfg = Debug|Any CPU
		{0EA4328E-2B78-4DA4-AA41-5D18E8051C8D}.Debug|Any CPU.Build.0 = Debug|Any CPU
		{0EA4328E-2B78-4DA4-AA41-5D18E8051C8D}.Release|Any CPU.ActiveCfg = Release|Any CPU
		{0EA4328E-2B78-4DA4-AA41-5D18E8051C8D}.Release|Any CPU.Build.0 = Release|Any CPU
		{1CD74734-E9DE-4191-9B86-701CE2C93504}.Debug|Any CPU.ActiveCfg = Debug|Any CPU
		{1CD74734-E9DE-4191-9B86-701CE2C93504}.Debug|Any CPU.Build.0 = Debug|Any CPU
		{1CD74734-E9DE-4191-9B86-701CE2C93504}.Release|Any CPU.ActiveCfg = Release|Any CPU
		{1CD74734-E9DE-4191-9B86-701CE2C93504}.Release|Any CPU.Build.0 = Release|Any CPU
		{8DFAB8DC-8448-4957-AB4C-9F6CC0B78985}.Debug|Any CPU.ActiveCfg = Debug|Any CPU
		{8DFAB8DC-8448-4957-AB4C-9F6CC0B78985}.Debug|Any CPU.Build.0 = Debug|Any CPU
		{8DFAB8DC-8448-4957-AB4C-9F6CC0B78985}.Release|Any CPU.ActiveCfg = Release|Any CPU
		{8DFAB8DC-8448-4957-AB4C-9F6CC0B78985}.Release|Any CPU.Build.0 = Release|Any CPU
		{E069902B-14DC-4855-8659-759FA621AA2F}.Debug|Any CPU.ActiveCfg = Debug|Any CPU
		{E069902B-14DC-4855-8659-759FA621AA2F}.Debug|Any CPU.Build.0 = Debug|Any CPU
		{E069902B-14DC-4855-8659-759FA621AA2F}.Release|Any CPU.ActiveCfg = Release|Any CPU
		{E069902B-14DC-4855-8659-759FA621AA2F}.Release|Any CPU.Build.0 = Release|Any CPU
		{C5896625-9C4A-4430-9DF1-4D7B7EF5C04D}.Debug|Any CPU.ActiveCfg = Debug|Any CPU
		{C5896625-9C4A-4430-9DF1-4D7B7EF5C04D}.Debug|Any CPU.Build.0 = Debug|Any CPU
		{C5896625-9C4A-4430-9DF1-4D7B7EF5C04D}.Release|Any CPU.ActiveCfg = Release|Any CPU
		{C5896625-9C4A-4430-9DF1-4D7B7EF5C04D}.Release|Any CPU.Build.0 = Release|Any CPU
		{4DE238DA-F06A-4264-810F-42F4EAFA38C0}.Debug|Any CPU.ActiveCfg = Debug|Any CPU
		{4DE238DA-F06A-4264-810F-42F4EAFA38C0}.Debug|Any CPU.Build.0 = Debug|Any CPU
		{4DE238DA-F06A-4264-810F-42F4EAFA38C0}.Release|Any CPU.ActiveCfg = Release|Any CPU
		{4DE238DA-F06A-4264-810F-42F4EAFA38C0}.Release|Any CPU.Build.0 = Release|Any CPU
		{BA50C9D2-FB71-4F2A-97BA-53EBC4982738}.Debug|Any CPU.ActiveCfg = Debug|Any CPU
		{BA50C9D2-FB71-4F2A-97BA-53EBC4982738}.Debug|Any CPU.Build.0 = Debug|Any CPU
		{BA50C9D2-FB71-4F2A-97BA-53EBC4982738}.Release|Any CPU.ActiveCfg = Release|Any CPU
		{BA50C9D2-FB71-4F2A-97BA-53EBC4982738}.Release|Any CPU.Build.0 = Release|Any CPU
		{774CFE1B-EEE8-4D49-9577-23C5A3DE948B}.Debug|Any CPU.ActiveCfg = Debug|Any CPU
		{774CFE1B-EEE8-4D49-9577-23C5A3DE948B}.Debug|Any CPU.Build.0 = Debug|Any CPU
		{774CFE1B-EEE8-4D49-9577-23C5A3DE948B}.Release|Any CPU.ActiveCfg = Release|Any CPU
		{774CFE1B-EEE8-4D49-9577-23C5A3DE948B}.Release|Any CPU.Build.0 = Release|Any CPU
		{9B3A39A5-4DE7-4D9F-B706-E64D20EBD8C5}.Debug|Any CPU.ActiveCfg = Debug|Any CPU
		{9B3A39A5-4DE7-4D9F-B706-E64D20EBD8C5}.Debug|Any CPU.Build.0 = Debug|Any CPU
		{9B3A39A5-4DE7-4D9F-B706-E64D20EBD8C5}.Release|Any CPU.ActiveCfg = Release|Any CPU
		{9B3A39A5-4DE7-4D9F-B706-E64D20EBD8C5}.Release|Any CPU.Build.0 = Release|Any CPU
		{DB8D9B96-822B-46B3-AE3A-0FCAE0034152}.Debug|Any CPU.ActiveCfg = Debug|Any CPU
		{DB8D9B96-822B-46B3-AE3A-0FCAE0034152}.Debug|Any CPU.Build.0 = Debug|Any CPU
		{DB8D9B96-822B-46B3-AE3A-0FCAE0034152}.Release|Any CPU.ActiveCfg = Release|Any CPU
		{DB8D9B96-822B-46B3-AE3A-0FCAE0034152}.Release|Any CPU.Build.0 = Release|Any CPU
		{820956F8-168E-4AD9-AB07-B6613FC3DF1C}.Debug|Any CPU.ActiveCfg = Debug|Any CPU
		{820956F8-168E-4AD9-AB07-B6613FC3DF1C}.Debug|Any CPU.Build.0 = Debug|Any CPU
		{820956F8-168E-4AD9-AB07-B6613FC3DF1C}.Release|Any CPU.ActiveCfg = Release|Any CPU
		{820956F8-168E-4AD9-AB07-B6613FC3DF1C}.Release|Any CPU.Build.0 = Release|Any CPU
		{F82238EC-C15E-4B19-B1DC-C557BFC68E03}.Debug|Any CPU.ActiveCfg = Debug|Any CPU
		{F82238EC-C15E-4B19-B1DC-C557BFC68E03}.Debug|Any CPU.Build.0 = Debug|Any CPU
		{F82238EC-C15E-4B19-B1DC-C557BFC68E03}.Release|Any CPU.ActiveCfg = Release|Any CPU
		{F82238EC-C15E-4B19-B1DC-C557BFC68E03}.Release|Any CPU.Build.0 = Release|Any CPU
		{A42B170B-F756-4E0F-8175-332EDAA05BC7}.Debug|Any CPU.ActiveCfg = Debug|Any CPU
		{A42B170B-F756-4E0F-8175-332EDAA05BC7}.Debug|Any CPU.Build.0 = Debug|Any CPU
		{A42B170B-F756-4E0F-8175-332EDAA05BC7}.Release|Any CPU.ActiveCfg = Release|Any CPU
		{A42B170B-F756-4E0F-8175-332EDAA05BC7}.Release|Any CPU.Build.0 = Release|Any CPU
		{FF661E28-7CFE-48FF-B7F1-417258E68759}.Debug|Any CPU.ActiveCfg = Debug|Any CPU
		{FF661E28-7CFE-48FF-B7F1-417258E68759}.Debug|Any CPU.Build.0 = Debug|Any CPU
		{FF661E28-7CFE-48FF-B7F1-417258E68759}.Release|Any CPU.ActiveCfg = Release|Any CPU
		{FF661E28-7CFE-48FF-B7F1-417258E68759}.Release|Any CPU.Build.0 = Release|Any CPU
		{E8C29EB5-32E4-4FD5-B0C8-9C8C74C1095B}.Debug|Any CPU.ActiveCfg = Debug|Any CPU
		{E8C29EB5-32E4-4FD5-B0C8-9C8C74C1095B}.Debug|Any CPU.Build.0 = Debug|Any CPU
		{E8C29EB5-32E4-4FD5-B0C8-9C8C74C1095B}.Release|Any CPU.ActiveCfg = Release|Any CPU
		{E8C29EB5-32E4-4FD5-B0C8-9C8C74C1095B}.Release|Any CPU.Build.0 = Release|Any CPU
		{8647A496-2B2D-4E1D-AFFB-3E93A10FCFE4}.Debug|Any CPU.ActiveCfg = Debug|Any CPU
		{8647A496-2B2D-4E1D-AFFB-3E93A10FCFE4}.Debug|Any CPU.Build.0 = Debug|Any CPU
		{8647A496-2B2D-4E1D-AFFB-3E93A10FCFE4}.Release|Any CPU.ActiveCfg = Release|Any CPU
		{8647A496-2B2D-4E1D-AFFB-3E93A10FCFE4}.Release|Any CPU.Build.0 = Release|Any CPU
		{8AE43F74-C991-413F-8947-5398ACE67EDD}.Debug|Any CPU.ActiveCfg = Debug|Any CPU
		{8AE43F74-C991-413F-8947-5398ACE67EDD}.Debug|Any CPU.Build.0 = Debug|Any CPU
		{8AE43F74-C991-413F-8947-5398ACE67EDD}.Release|Any CPU.ActiveCfg = Release|Any CPU
		{8AE43F74-C991-413F-8947-5398ACE67EDD}.Release|Any CPU.Build.0 = Release|Any CPU
		{0101504A-810E-4D98-8A53-9E5B4E263C6B}.Debug|Any CPU.ActiveCfg = Debug|Any CPU
		{0101504A-810E-4D98-8A53-9E5B4E263C6B}.Debug|Any CPU.Build.0 = Debug|Any CPU
		{0101504A-810E-4D98-8A53-9E5B4E263C6B}.Release|Any CPU.ActiveCfg = Release|Any CPU
		{0101504A-810E-4D98-8A53-9E5B4E263C6B}.Release|Any CPU.Build.0 = Release|Any CPU
		{0AE18523-9FDF-4452-82E2-63C8A2AAFDD5}.Debug|Any CPU.ActiveCfg = Debug|Any CPU
		{0AE18523-9FDF-4452-82E2-63C8A2AAFDD5}.Debug|Any CPU.Build.0 = Debug|Any CPU
		{0AE18523-9FDF-4452-82E2-63C8A2AAFDD5}.Release|Any CPU.ActiveCfg = Release|Any CPU
		{0AE18523-9FDF-4452-82E2-63C8A2AAFDD5}.Release|Any CPU.Build.0 = Release|Any CPU
		{9A5C9934-0E70-4EA8-8305-66AB229139BB}.Debug|Any CPU.ActiveCfg = Debug|Any CPU
		{9A5C9934-0E70-4EA8-8305-66AB229139BB}.Debug|Any CPU.Build.0 = Debug|Any CPU
		{9A5C9934-0E70-4EA8-8305-66AB229139BB}.Release|Any CPU.ActiveCfg = Release|Any CPU
		{9A5C9934-0E70-4EA8-8305-66AB229139BB}.Release|Any CPU.Build.0 = Release|Any CPU
		{B0995E0A-C6B0-44BA-B4BA-49272BCEBBB0}.Debug|Any CPU.ActiveCfg = Debug|Any CPU
		{B0995E0A-C6B0-44BA-B4BA-49272BCEBBB0}.Debug|Any CPU.Build.0 = Debug|Any CPU
		{B0995E0A-C6B0-44BA-B4BA-49272BCEBBB0}.Release|Any CPU.ActiveCfg = Release|Any CPU
		{B0995E0A-C6B0-44BA-B4BA-49272BCEBBB0}.Release|Any CPU.Build.0 = Release|Any CPU
		{01CF46A2-DDA7-428A-A9BB-B5A02E370CC0}.Debug|Any CPU.ActiveCfg = Debug|Any CPU
		{01CF46A2-DDA7-428A-A9BB-B5A02E370CC0}.Debug|Any CPU.Build.0 = Debug|Any CPU
		{01CF46A2-DDA7-428A-A9BB-B5A02E370CC0}.Release|Any CPU.ActiveCfg = Release|Any CPU
		{01CF46A2-DDA7-428A-A9BB-B5A02E370CC0}.Release|Any CPU.Build.0 = Release|Any CPU
		{878E21FA-6DA7-4B34-AF01-C30C027B44B1}.Debug|Any CPU.ActiveCfg = Debug|Any CPU
		{878E21FA-6DA7-4B34-AF01-C30C027B44B1}.Debug|Any CPU.Build.0 = Debug|Any CPU
		{878E21FA-6DA7-4B34-AF01-C30C027B44B1}.Release|Any CPU.ActiveCfg = Release|Any CPU
		{878E21FA-6DA7-4B34-AF01-C30C027B44B1}.Release|Any CPU.Build.0 = Release|Any CPU
		{0587109D-E77D-4AD7-AAFC-89DF0B893EB7}.Debug|Any CPU.ActiveCfg = Debug|Any CPU
		{0587109D-E77D-4AD7-AAFC-89DF0B893EB7}.Debug|Any CPU.Build.0 = Debug|Any CPU
		{0587109D-E77D-4AD7-AAFC-89DF0B893EB7}.Release|Any CPU.ActiveCfg = Release|Any CPU
		{0587109D-E77D-4AD7-AAFC-89DF0B893EB7}.Release|Any CPU.Build.0 = Release|Any CPU
		{52D9EF47-6DE3-45CC-B3D6-D117E11B0038}.Debug|Any CPU.ActiveCfg = Debug|Any CPU
		{52D9EF47-6DE3-45CC-B3D6-D117E11B0038}.Debug|Any CPU.Build.0 = Debug|Any CPU
		{52D9EF47-6DE3-45CC-B3D6-D117E11B0038}.Release|Any CPU.ActiveCfg = Release|Any CPU
		{52D9EF47-6DE3-45CC-B3D6-D117E11B0038}.Release|Any CPU.Build.0 = Release|Any CPU
		{A52175E6-BE24-441F-9E07-5FD1EC84F658}.Debug|Any CPU.ActiveCfg = Debug|Any CPU
		{A52175E6-BE24-441F-9E07-5FD1EC84F658}.Debug|Any CPU.Build.0 = Debug|Any CPU
		{A52175E6-BE24-441F-9E07-5FD1EC84F658}.Release|Any CPU.ActiveCfg = Release|Any CPU
		{A52175E6-BE24-441F-9E07-5FD1EC84F658}.Release|Any CPU.Build.0 = Release|Any CPU
		{93FCEAE1-EF60-4379-B9FB-1E7755B1DC82}.Debug|Any CPU.ActiveCfg = Debug|Any CPU
		{93FCEAE1-EF60-4379-B9FB-1E7755B1DC82}.Debug|Any CPU.Build.0 = Debug|Any CPU
		{93FCEAE1-EF60-4379-B9FB-1E7755B1DC82}.Release|Any CPU.ActiveCfg = Release|Any CPU
		{93FCEAE1-EF60-4379-B9FB-1E7755B1DC82}.Release|Any CPU.Build.0 = Release|Any CPU
		{F25289E8-0341-4AD0-9736-938BD91E8DC7}.Debug|Any CPU.ActiveCfg = Debug|Any CPU
		{F25289E8-0341-4AD0-9736-938BD91E8DC7}.Debug|Any CPU.Build.0 = Debug|Any CPU
		{F25289E8-0341-4AD0-9736-938BD91E8DC7}.Release|Any CPU.ActiveCfg = Release|Any CPU
		{F25289E8-0341-4AD0-9736-938BD91E8DC7}.Release|Any CPU.Build.0 = Release|Any CPU
		{BF617F14-3B1D-47A9-A00D-5BF3C81CFA91}.Debug|Any CPU.ActiveCfg = Debug|Any CPU
		{BF617F14-3B1D-47A9-A00D-5BF3C81CFA91}.Debug|Any CPU.Build.0 = Debug|Any CPU
		{BF617F14-3B1D-47A9-A00D-5BF3C81CFA91}.Release|Any CPU.ActiveCfg = Release|Any CPU
		{BF617F14-3B1D-47A9-A00D-5BF3C81CFA91}.Release|Any CPU.Build.0 = Release|Any CPU
		{C8F24CAD-8FB9-402D-972F-149B65D8A67A}.Debug|Any CPU.ActiveCfg = Debug|Any CPU
		{C8F24CAD-8FB9-402D-972F-149B65D8A67A}.Debug|Any CPU.Build.0 = Debug|Any CPU
		{C8F24CAD-8FB9-402D-972F-149B65D8A67A}.Release|Any CPU.ActiveCfg = Release|Any CPU
		{C8F24CAD-8FB9-402D-972F-149B65D8A67A}.Release|Any CPU.Build.0 = Release|Any CPU
		{2FAACE23-355E-4967-9777-958AF283D337}.Debug|Any CPU.ActiveCfg = Debug|Any CPU
		{2FAACE23-355E-4967-9777-958AF283D337}.Debug|Any CPU.Build.0 = Debug|Any CPU
		{2FAACE23-355E-4967-9777-958AF283D337}.Release|Any CPU.ActiveCfg = Release|Any CPU
		{2FAACE23-355E-4967-9777-958AF283D337}.Release|Any CPU.Build.0 = Release|Any CPU
		{F01D401A-1B84-420B-B4AC-66B0C2217225}.Debug|Any CPU.ActiveCfg = Debug|Any CPU
		{F01D401A-1B84-420B-B4AC-66B0C2217225}.Debug|Any CPU.Build.0 = Debug|Any CPU
		{F01D401A-1B84-420B-B4AC-66B0C2217225}.Release|Any CPU.ActiveCfg = Release|Any CPU
		{F01D401A-1B84-420B-B4AC-66B0C2217225}.Release|Any CPU.Build.0 = Release|Any CPU
		{1B0DBFF6-00AF-42E7-8B33-CBFD13BB27B0}.Debug|Any CPU.ActiveCfg = Debug|Any CPU
		{1B0DBFF6-00AF-42E7-8B33-CBFD13BB27B0}.Debug|Any CPU.Build.0 = Debug|Any CPU
		{1B0DBFF6-00AF-42E7-8B33-CBFD13BB27B0}.Release|Any CPU.ActiveCfg = Release|Any CPU
		{1B0DBFF6-00AF-42E7-8B33-CBFD13BB27B0}.Release|Any CPU.Build.0 = Release|Any CPU
		{0C984846-AB72-4865-99AD-81FD326CAF57}.Debug|Any CPU.ActiveCfg = Debug|Any CPU
		{0C984846-AB72-4865-99AD-81FD326CAF57}.Debug|Any CPU.Build.0 = Debug|Any CPU
		{0C984846-AB72-4865-99AD-81FD326CAF57}.Release|Any CPU.ActiveCfg = Release|Any CPU
		{0C984846-AB72-4865-99AD-81FD326CAF57}.Release|Any CPU.Build.0 = Release|Any CPU
		{06F6C3AF-E7FD-471C-9035-8BC542FDE3E9}.Debug|Any CPU.ActiveCfg = Debug|Any CPU
		{06F6C3AF-E7FD-471C-9035-8BC542FDE3E9}.Debug|Any CPU.Build.0 = Debug|Any CPU
		{06F6C3AF-E7FD-471C-9035-8BC542FDE3E9}.Release|Any CPU.ActiveCfg = Release|Any CPU
		{06F6C3AF-E7FD-471C-9035-8BC542FDE3E9}.Release|Any CPU.Build.0 = Release|Any CPU
		{809F3FC0-23B1-4319-8CFA-2A862C52DF99}.Debug|Any CPU.ActiveCfg = Debug|Any CPU
		{809F3FC0-23B1-4319-8CFA-2A862C52DF99}.Debug|Any CPU.Build.0 = Debug|Any CPU
		{809F3FC0-23B1-4319-8CFA-2A862C52DF99}.Release|Any CPU.ActiveCfg = Release|Any CPU
		{809F3FC0-23B1-4319-8CFA-2A862C52DF99}.Release|Any CPU.Build.0 = Release|Any CPU
		{D8099B42-F5BF-4F27-9951-ECBA46A919AB}.Debug|Any CPU.ActiveCfg = Debug|Any CPU
		{D8099B42-F5BF-4F27-9951-ECBA46A919AB}.Debug|Any CPU.Build.0 = Debug|Any CPU
		{D8099B42-F5BF-4F27-9951-ECBA46A919AB}.Release|Any CPU.ActiveCfg = Release|Any CPU
		{D8099B42-F5BF-4F27-9951-ECBA46A919AB}.Release|Any CPU.Build.0 = Release|Any CPU
		{96FC0477-0333-4EBB-ADA5-A4C43B853DEB}.Debug|Any CPU.ActiveCfg = Debug|Any CPU
		{96FC0477-0333-4EBB-ADA5-A4C43B853DEB}.Debug|Any CPU.Build.0 = Debug|Any CPU
		{96FC0477-0333-4EBB-ADA5-A4C43B853DEB}.Release|Any CPU.ActiveCfg = Release|Any CPU
		{96FC0477-0333-4EBB-ADA5-A4C43B853DEB}.Release|Any CPU.Build.0 = Release|Any CPU
		{B861CB51-F852-4871-A430-556FCD564ED6}.Debug|Any CPU.ActiveCfg = Debug|Any CPU
		{B861CB51-F852-4871-A430-556FCD564ED6}.Debug|Any CPU.Build.0 = Debug|Any CPU
		{B861CB51-F852-4871-A430-556FCD564ED6}.Release|Any CPU.ActiveCfg = Release|Any CPU
		{B861CB51-F852-4871-A430-556FCD564ED6}.Release|Any CPU.Build.0 = Release|Any CPU
		{759BE6A7-FC3A-4B28-A990-BE4AC3B12070}.Debug|Any CPU.ActiveCfg = Debug|Any CPU
		{759BE6A7-FC3A-4B28-A990-BE4AC3B12070}.Debug|Any CPU.Build.0 = Debug|Any CPU
		{759BE6A7-FC3A-4B28-A990-BE4AC3B12070}.Release|Any CPU.ActiveCfg = Release|Any CPU
		{759BE6A7-FC3A-4B28-A990-BE4AC3B12070}.Release|Any CPU.Build.0 = Release|Any CPU
		{CF240C56-6EA8-457F-B019-E9CB2ACE1BD4}.Debug|Any CPU.ActiveCfg = Debug|Any CPU
		{CF240C56-6EA8-457F-B019-E9CB2ACE1BD4}.Debug|Any CPU.Build.0 = Debug|Any CPU
		{CF240C56-6EA8-457F-B019-E9CB2ACE1BD4}.Release|Any CPU.ActiveCfg = Release|Any CPU
		{CF240C56-6EA8-457F-B019-E9CB2ACE1BD4}.Release|Any CPU.Build.0 = Release|Any CPU
		{D9BF032C-53C8-4B8A-B5EF-2CC03F70AD5B}.Debug|Any CPU.ActiveCfg = Debug|Any CPU
		{D9BF032C-53C8-4B8A-B5EF-2CC03F70AD5B}.Debug|Any CPU.Build.0 = Debug|Any CPU
		{D9BF032C-53C8-4B8A-B5EF-2CC03F70AD5B}.Release|Any CPU.ActiveCfg = Release|Any CPU
		{D9BF032C-53C8-4B8A-B5EF-2CC03F70AD5B}.Release|Any CPU.Build.0 = Release|Any CPU
		{5F09B684-0613-4CA6-8FBE-E2A76FC1D617}.Debug|Any CPU.ActiveCfg = Debug|Any CPU
		{5F09B684-0613-4CA6-8FBE-E2A76FC1D617}.Debug|Any CPU.Build.0 = Debug|Any CPU
		{5F09B684-0613-4CA6-8FBE-E2A76FC1D617}.Release|Any CPU.ActiveCfg = Release|Any CPU
		{5F09B684-0613-4CA6-8FBE-E2A76FC1D617}.Release|Any CPU.Build.0 = Release|Any CPU
		{E2A9AF69-719C-4BE5-B4E2-1BEC4446AF1B}.Debug|Any CPU.ActiveCfg = Debug|Any CPU
		{E2A9AF69-719C-4BE5-B4E2-1BEC4446AF1B}.Debug|Any CPU.Build.0 = Debug|Any CPU
		{E2A9AF69-719C-4BE5-B4E2-1BEC4446AF1B}.Release|Any CPU.ActiveCfg = Release|Any CPU
		{E2A9AF69-719C-4BE5-B4E2-1BEC4446AF1B}.Release|Any CPU.Build.0 = Release|Any CPU
		{DA9FF008-6837-45A0-9D62-F2E5D6E6AB1C}.Debug|Any CPU.ActiveCfg = Debug|Any CPU
		{DA9FF008-6837-45A0-9D62-F2E5D6E6AB1C}.Debug|Any CPU.Build.0 = Debug|Any CPU
		{DA9FF008-6837-45A0-9D62-F2E5D6E6AB1C}.Release|Any CPU.ActiveCfg = Release|Any CPU
		{DA9FF008-6837-45A0-9D62-F2E5D6E6AB1C}.Release|Any CPU.Build.0 = Release|Any CPU
		{1051EE36-F4CF-4B46-9F20-BAB6D75B3181}.Debug|Any CPU.ActiveCfg = Debug|Any CPU
		{1051EE36-F4CF-4B46-9F20-BAB6D75B3181}.Debug|Any CPU.Build.0 = Debug|Any CPU
		{1051EE36-F4CF-4B46-9F20-BAB6D75B3181}.Release|Any CPU.ActiveCfg = Release|Any CPU
		{1051EE36-F4CF-4B46-9F20-BAB6D75B3181}.Release|Any CPU.Build.0 = Release|Any CPU
		{76828638-7AFA-4AE7-B32B-C3FE439773F1}.Debug|Any CPU.ActiveCfg = Debug|Any CPU
		{76828638-7AFA-4AE7-B32B-C3FE439773F1}.Debug|Any CPU.Build.0 = Debug|Any CPU
		{76828638-7AFA-4AE7-B32B-C3FE439773F1}.Release|Any CPU.ActiveCfg = Release|Any CPU
		{76828638-7AFA-4AE7-B32B-C3FE439773F1}.Release|Any CPU.Build.0 = Release|Any CPU
		{FBB2B46B-4A94-443D-B3FA-DAA103181856}.Debug|Any CPU.ActiveCfg = Debug|Any CPU
		{FBB2B46B-4A94-443D-B3FA-DAA103181856}.Debug|Any CPU.Build.0 = Debug|Any CPU
		{FBB2B46B-4A94-443D-B3FA-DAA103181856}.Release|Any CPU.ActiveCfg = Release|Any CPU
		{FBB2B46B-4A94-443D-B3FA-DAA103181856}.Release|Any CPU.Build.0 = Release|Any CPU
		{0F106B27-E538-4E00-B829-1CAD6E4F4094}.Debug|Any CPU.ActiveCfg = Debug|Any CPU
		{0F106B27-E538-4E00-B829-1CAD6E4F4094}.Debug|Any CPU.Build.0 = Debug|Any CPU
		{0F106B27-E538-4E00-B829-1CAD6E4F4094}.Release|Any CPU.ActiveCfg = Release|Any CPU
		{0F106B27-E538-4E00-B829-1CAD6E4F4094}.Release|Any CPU.Build.0 = Release|Any CPU
		{DC6D7A2F-901F-4785-9B28-D274FDAA878F}.Debug|Any CPU.ActiveCfg = Debug|Any CPU
		{DC6D7A2F-901F-4785-9B28-D274FDAA878F}.Debug|Any CPU.Build.0 = Debug|Any CPU
		{DC6D7A2F-901F-4785-9B28-D274FDAA878F}.Release|Any CPU.ActiveCfg = Release|Any CPU
		{DC6D7A2F-901F-4785-9B28-D274FDAA878F}.Release|Any CPU.Build.0 = Release|Any CPU
		{5DD6CA34-26BF-4D4E-A49A-AAFD8BF8D6BF}.Debug|Any CPU.ActiveCfg = Debug|Any CPU
		{5DD6CA34-26BF-4D4E-A49A-AAFD8BF8D6BF}.Debug|Any CPU.Build.0 = Debug|Any CPU
		{5DD6CA34-26BF-4D4E-A49A-AAFD8BF8D6BF}.Release|Any CPU.ActiveCfg = Release|Any CPU
		{5DD6CA34-26BF-4D4E-A49A-AAFD8BF8D6BF}.Release|Any CPU.Build.0 = Release|Any CPU
		{082911CD-37F4-4269-909C-0D3E669634E5}.Debug|Any CPU.ActiveCfg = Debug|Any CPU
		{082911CD-37F4-4269-909C-0D3E669634E5}.Debug|Any CPU.Build.0 = Debug|Any CPU
		{082911CD-37F4-4269-909C-0D3E669634E5}.Release|Any CPU.ActiveCfg = Release|Any CPU
		{082911CD-37F4-4269-909C-0D3E669634E5}.Release|Any CPU.Build.0 = Release|Any CPU
		{7EE589DA-939C-4D3B-9DD3-CFB4332C8ED8}.Debug|Any CPU.ActiveCfg = Debug|Any CPU
		{7EE589DA-939C-4D3B-9DD3-CFB4332C8ED8}.Debug|Any CPU.Build.0 = Debug|Any CPU
		{7EE589DA-939C-4D3B-9DD3-CFB4332C8ED8}.Release|Any CPU.ActiveCfg = Release|Any CPU
		{7EE589DA-939C-4D3B-9DD3-CFB4332C8ED8}.Release|Any CPU.Build.0 = Release|Any CPU
		{BCAE8546-D241-443C-9929-9B9C78653B65}.Debug|Any CPU.ActiveCfg = Debug|Any CPU
		{BCAE8546-D241-443C-9929-9B9C78653B65}.Debug|Any CPU.Build.0 = Debug|Any CPU
		{BCAE8546-D241-443C-9929-9B9C78653B65}.Release|Any CPU.ActiveCfg = Release|Any CPU
		{BCAE8546-D241-443C-9929-9B9C78653B65}.Release|Any CPU.Build.0 = Release|Any CPU
		{7A2BDFCF-C267-40D7-872E-DDB3B3AD9EFF}.Debug|Any CPU.ActiveCfg = Debug|Any CPU
		{7A2BDFCF-C267-40D7-872E-DDB3B3AD9EFF}.Debug|Any CPU.Build.0 = Debug|Any CPU
		{7A2BDFCF-C267-40D7-872E-DDB3B3AD9EFF}.Release|Any CPU.ActiveCfg = Release|Any CPU
		{7A2BDFCF-C267-40D7-872E-DDB3B3AD9EFF}.Release|Any CPU.Build.0 = Release|Any CPU
		{ECC07A46-C503-429E-ADB6-09694D1387F9}.Debug|Any CPU.ActiveCfg = Debug|Any CPU
		{ECC07A46-C503-429E-ADB6-09694D1387F9}.Debug|Any CPU.Build.0 = Debug|Any CPU
		{ECC07A46-C503-429E-ADB6-09694D1387F9}.Release|Any CPU.ActiveCfg = Release|Any CPU
		{ECC07A46-C503-429E-ADB6-09694D1387F9}.Release|Any CPU.Build.0 = Release|Any CPU
		{0B228168-8110-4E32-BA95-DF2D97282A8C}.Debug|Any CPU.ActiveCfg = Debug|Any CPU
		{0B228168-8110-4E32-BA95-DF2D97282A8C}.Debug|Any CPU.Build.0 = Debug|Any CPU
		{0B228168-8110-4E32-BA95-DF2D97282A8C}.Release|Any CPU.ActiveCfg = Release|Any CPU
		{0B228168-8110-4E32-BA95-DF2D97282A8C}.Release|Any CPU.Build.0 = Release|Any CPU
		{101B972C-C897-4762-8483-F0B0C7BC6DBF}.Debug|Any CPU.ActiveCfg = Debug|Any CPU
		{101B972C-C897-4762-8483-F0B0C7BC6DBF}.Debug|Any CPU.Build.0 = Debug|Any CPU
		{101B972C-C897-4762-8483-F0B0C7BC6DBF}.Release|Any CPU.ActiveCfg = Release|Any CPU
		{101B972C-C897-4762-8483-F0B0C7BC6DBF}.Release|Any CPU.Build.0 = Release|Any CPU
		{57A43DFC-5433-4DAA-8FC1-0019A9B1F4E7}.Debug|Any CPU.ActiveCfg = Debug|Any CPU
		{57A43DFC-5433-4DAA-8FC1-0019A9B1F4E7}.Debug|Any CPU.Build.0 = Debug|Any CPU
		{57A43DFC-5433-4DAA-8FC1-0019A9B1F4E7}.Release|Any CPU.ActiveCfg = Release|Any CPU
		{57A43DFC-5433-4DAA-8FC1-0019A9B1F4E7}.Release|Any CPU.Build.0 = Release|Any CPU
		{9A44EFC7-9411-4D67-AF0F-CCC3CBB71983}.Debug|Any CPU.ActiveCfg = Debug|Any CPU
		{9A44EFC7-9411-4D67-AF0F-CCC3CBB71983}.Debug|Any CPU.Build.0 = Debug|Any CPU
		{9A44EFC7-9411-4D67-AF0F-CCC3CBB71983}.Release|Any CPU.ActiveCfg = Release|Any CPU
		{9A44EFC7-9411-4D67-AF0F-CCC3CBB71983}.Release|Any CPU.Build.0 = Release|Any CPU
		{BCBA8780-AB83-4676-8593-F0461FA67D37}.Debug|Any CPU.ActiveCfg = Debug|Any CPU
		{BCBA8780-AB83-4676-8593-F0461FA67D37}.Debug|Any CPU.Build.0 = Debug|Any CPU
		{BCBA8780-AB83-4676-8593-F0461FA67D37}.Release|Any CPU.ActiveCfg = Release|Any CPU
		{BCBA8780-AB83-4676-8593-F0461FA67D37}.Release|Any CPU.Build.0 = Release|Any CPU
		{3C28CEA1-BF89-46E8-A8E1-950F2E5E80CF}.Debug|Any CPU.ActiveCfg = Debug|Any CPU
		{3C28CEA1-BF89-46E8-A8E1-950F2E5E80CF}.Debug|Any CPU.Build.0 = Debug|Any CPU
		{3C28CEA1-BF89-46E8-A8E1-950F2E5E80CF}.Release|Any CPU.ActiveCfg = Release|Any CPU
		{3C28CEA1-BF89-46E8-A8E1-950F2E5E80CF}.Release|Any CPU.Build.0 = Release|Any CPU
		{E44E0C64-7522-4C1C-82C3-FCAC1020111E}.Debug|Any CPU.ActiveCfg = Debug|Any CPU
		{E44E0C64-7522-4C1C-82C3-FCAC1020111E}.Debug|Any CPU.Build.0 = Debug|Any CPU
		{E44E0C64-7522-4C1C-82C3-FCAC1020111E}.Release|Any CPU.ActiveCfg = Release|Any CPU
		{E44E0C64-7522-4C1C-82C3-FCAC1020111E}.Release|Any CPU.Build.0 = Release|Any CPU
		{FB505E82-D1BE-4B6E-90E5-3121D95E529D}.Debug|Any CPU.ActiveCfg = Debug|Any CPU
		{FB505E82-D1BE-4B6E-90E5-3121D95E529D}.Debug|Any CPU.Build.0 = Debug|Any CPU
		{FB505E82-D1BE-4B6E-90E5-3121D95E529D}.Release|Any CPU.ActiveCfg = Release|Any CPU
		{FB505E82-D1BE-4B6E-90E5-3121D95E529D}.Release|Any CPU.Build.0 = Release|Any CPU
		{3D382501-FEC2-47EA-997B-D0DEE1045C4D}.Debug|Any CPU.ActiveCfg = Debug|Any CPU
		{3D382501-FEC2-47EA-997B-D0DEE1045C4D}.Debug|Any CPU.Build.0 = Debug|Any CPU
		{3D382501-FEC2-47EA-997B-D0DEE1045C4D}.Release|Any CPU.ActiveCfg = Release|Any CPU
		{3D382501-FEC2-47EA-997B-D0DEE1045C4D}.Release|Any CPU.Build.0 = Release|Any CPU
		{9E00E1A9-20FC-49D2-A7B6-F97A2535FA57}.Debug|Any CPU.ActiveCfg = Debug|Any CPU
		{9E00E1A9-20FC-49D2-A7B6-F97A2535FA57}.Debug|Any CPU.Build.0 = Debug|Any CPU
		{9E00E1A9-20FC-49D2-A7B6-F97A2535FA57}.Release|Any CPU.ActiveCfg = Release|Any CPU
		{9E00E1A9-20FC-49D2-A7B6-F97A2535FA57}.Release|Any CPU.Build.0 = Release|Any CPU
		{C5527108-EFF0-4CEE-9026-F4B5F3123A21}.Debug|Any CPU.ActiveCfg = Debug|Any CPU
		{C5527108-EFF0-4CEE-9026-F4B5F3123A21}.Debug|Any CPU.Build.0 = Debug|Any CPU
		{C5527108-EFF0-4CEE-9026-F4B5F3123A21}.Release|Any CPU.ActiveCfg = Release|Any CPU
		{C5527108-EFF0-4CEE-9026-F4B5F3123A21}.Release|Any CPU.Build.0 = Release|Any CPU
		{417BD64D-F022-458C-9E28-E17B53F01CB0}.Debug|Any CPU.ActiveCfg = Debug|Any CPU
		{417BD64D-F022-458C-9E28-E17B53F01CB0}.Debug|Any CPU.Build.0 = Debug|Any CPU
		{417BD64D-F022-458C-9E28-E17B53F01CB0}.Release|Any CPU.ActiveCfg = Release|Any CPU
		{417BD64D-F022-458C-9E28-E17B53F01CB0}.Release|Any CPU.Build.0 = Release|Any CPU
		{189447D6-E5B0-437C-9D8A-52C2C99EE384}.Debug|Any CPU.ActiveCfg = Debug|Any CPU
		{189447D6-E5B0-437C-9D8A-52C2C99EE384}.Debug|Any CPU.Build.0 = Debug|Any CPU
		{189447D6-E5B0-437C-9D8A-52C2C99EE384}.Release|Any CPU.ActiveCfg = Release|Any CPU
		{189447D6-E5B0-437C-9D8A-52C2C99EE384}.Release|Any CPU.Build.0 = Release|Any CPU
		{806E68D1-0730-4B34-9FE1-19A05439F3C9}.Debug|Any CPU.ActiveCfg = Debug|Any CPU
		{806E68D1-0730-4B34-9FE1-19A05439F3C9}.Debug|Any CPU.Build.0 = Debug|Any CPU
		{806E68D1-0730-4B34-9FE1-19A05439F3C9}.Release|Any CPU.ActiveCfg = Release|Any CPU
		{806E68D1-0730-4B34-9FE1-19A05439F3C9}.Release|Any CPU.Build.0 = Release|Any CPU
		{EFB1D03E-3E7E-46FE-8380-532DB373B6DC}.Debug|Any CPU.ActiveCfg = Debug|Any CPU
		{EFB1D03E-3E7E-46FE-8380-532DB373B6DC}.Debug|Any CPU.Build.0 = Debug|Any CPU
		{EFB1D03E-3E7E-46FE-8380-532DB373B6DC}.Release|Any CPU.ActiveCfg = Release|Any CPU
		{EFB1D03E-3E7E-46FE-8380-532DB373B6DC}.Release|Any CPU.Build.0 = Release|Any CPU
		{3CE1696F-0E12-406E-A9AC-A89748306728}.Debug|Any CPU.ActiveCfg = Debug|Any CPU
		{3CE1696F-0E12-406E-A9AC-A89748306728}.Debug|Any CPU.Build.0 = Debug|Any CPU
		{3CE1696F-0E12-406E-A9AC-A89748306728}.Release|Any CPU.ActiveCfg = Release|Any CPU
		{3CE1696F-0E12-406E-A9AC-A89748306728}.Release|Any CPU.Build.0 = Release|Any CPU
		{FE4D2040-6AB4-4093-8A85-2E5DB709F45A}.Debug|Any CPU.ActiveCfg = Debug|Any CPU
		{FE4D2040-6AB4-4093-8A85-2E5DB709F45A}.Debug|Any CPU.Build.0 = Debug|Any CPU
		{FE4D2040-6AB4-4093-8A85-2E5DB709F45A}.Release|Any CPU.ActiveCfg = Release|Any CPU
		{FE4D2040-6AB4-4093-8A85-2E5DB709F45A}.Release|Any CPU.Build.0 = Release|Any CPU
		{2E256B88-2726-4611-B270-1F1F09BC8DFB}.Debug|Any CPU.ActiveCfg = Debug|Any CPU
		{2E256B88-2726-4611-B270-1F1F09BC8DFB}.Debug|Any CPU.Build.0 = Debug|Any CPU
		{2E256B88-2726-4611-B270-1F1F09BC8DFB}.Release|Any CPU.ActiveCfg = Release|Any CPU
		{2E256B88-2726-4611-B270-1F1F09BC8DFB}.Release|Any CPU.Build.0 = Release|Any CPU
		{94EC5D7F-D6FD-478D-8B4E-00A260DF476F}.Debug|Any CPU.ActiveCfg = Debug|Any CPU
		{94EC5D7F-D6FD-478D-8B4E-00A260DF476F}.Debug|Any CPU.Build.0 = Debug|Any CPU
		{94EC5D7F-D6FD-478D-8B4E-00A260DF476F}.Release|Any CPU.ActiveCfg = Release|Any CPU
		{94EC5D7F-D6FD-478D-8B4E-00A260DF476F}.Release|Any CPU.Build.0 = Release|Any CPU
		{7A9B405B-F148-4F24-83F3-EEDDF3E5978F}.Debug|Any CPU.ActiveCfg = Debug|Any CPU
		{7A9B405B-F148-4F24-83F3-EEDDF3E5978F}.Debug|Any CPU.Build.0 = Debug|Any CPU
		{7A9B405B-F148-4F24-83F3-EEDDF3E5978F}.Release|Any CPU.ActiveCfg = Release|Any CPU
		{7A9B405B-F148-4F24-83F3-EEDDF3E5978F}.Release|Any CPU.Build.0 = Release|Any CPU
		{A445FB46-B50A-4B2D-8E64-E23425CDF7CE}.Debug|Any CPU.ActiveCfg = Debug|Any CPU
		{A445FB46-B50A-4B2D-8E64-E23425CDF7CE}.Debug|Any CPU.Build.0 = Debug|Any CPU
		{A445FB46-B50A-4B2D-8E64-E23425CDF7CE}.Release|Any CPU.ActiveCfg = Release|Any CPU
		{A445FB46-B50A-4B2D-8E64-E23425CDF7CE}.Release|Any CPU.Build.0 = Release|Any CPU
		{0D31204C-6F14-4B7E-8FA6-64215BAB2233}.Debug|Any CPU.ActiveCfg = Debug|Any CPU
		{0D31204C-6F14-4B7E-8FA6-64215BAB2233}.Debug|Any CPU.Build.0 = Debug|Any CPU
		{0D31204C-6F14-4B7E-8FA6-64215BAB2233}.Release|Any CPU.ActiveCfg = Release|Any CPU
		{0D31204C-6F14-4B7E-8FA6-64215BAB2233}.Release|Any CPU.Build.0 = Release|Any CPU
		{B0F67D7F-5997-450B-8820-3896B1E72334}.Debug|Any CPU.ActiveCfg = Debug|Any CPU
		{B0F67D7F-5997-450B-8820-3896B1E72334}.Debug|Any CPU.Build.0 = Debug|Any CPU
		{B0F67D7F-5997-450B-8820-3896B1E72334}.Release|Any CPU.ActiveCfg = Release|Any CPU
		{B0F67D7F-5997-450B-8820-3896B1E72334}.Release|Any CPU.Build.0 = Release|Any CPU
		{2880126A-CD4E-44E0-BF81-EC6BC04892C8}.Debug|Any CPU.ActiveCfg = Debug|Any CPU
		{2880126A-CD4E-44E0-BF81-EC6BC04892C8}.Debug|Any CPU.Build.0 = Debug|Any CPU
		{2880126A-CD4E-44E0-BF81-EC6BC04892C8}.Release|Any CPU.ActiveCfg = Release|Any CPU
		{2880126A-CD4E-44E0-BF81-EC6BC04892C8}.Release|Any CPU.Build.0 = Release|Any CPU
		{D2703134-1CEF-4877-B3FA-FF21947A530B}.Debug|Any CPU.ActiveCfg = Debug|Any CPU
		{D2703134-1CEF-4877-B3FA-FF21947A530B}.Debug|Any CPU.Build.0 = Debug|Any CPU
		{D2703134-1CEF-4877-B3FA-FF21947A530B}.Release|Any CPU.ActiveCfg = Release|Any CPU
		{D2703134-1CEF-4877-B3FA-FF21947A530B}.Release|Any CPU.Build.0 = Release|Any CPU
	EndGlobalSection
	GlobalSection(SolutionProperties) = preSolution
		HideSolutionNode = FALSE
	EndGlobalSection
	GlobalSection(NestedProjects) = preSolution
		{2CD14BC7-9AF6-4F96-BDBA-EAADA0616622} = {4B71A08B-1AE2-4C0F-8B6E-3BD57D0EC8E6}
		{8A731559-A514-4A95-9061-252BDAD4B252} = {427F5AF1-955B-4B4C-B486-6C57066F3D09}
		{74BA1466-0E5E-403B-96A8-07BF67A179D1} = {427F5AF1-955B-4B4C-B486-6C57066F3D09}
		{01E1AE10-33F9-489C-93C4-7F50411D36E5} = {427F5AF1-955B-4B4C-B486-6C57066F3D09}
		{ACA13EE2-38DC-4BF3-A6F3-37047A76F3D6} = {427F5AF1-955B-4B4C-B486-6C57066F3D09}
		{4B695E90-92BD-4AB5-84FC-B15209DB41E4} = {427F5AF1-955B-4B4C-B486-6C57066F3D09}
		{0EA4328E-2B78-4DA4-AA41-5D18E8051C8D} = {427F5AF1-955B-4B4C-B486-6C57066F3D09}
		{1CD74734-E9DE-4191-9B86-701CE2C93504} = {7D82BAE6-B06A-4095-977F-1AA0780061D1}
		{8DFAB8DC-8448-4957-AB4C-9F6CC0B78985} = {7D82BAE6-B06A-4095-977F-1AA0780061D1}
		{E069902B-14DC-4855-8659-759FA621AA2F} = {7D82BAE6-B06A-4095-977F-1AA0780061D1}
		{C5896625-9C4A-4430-9DF1-4D7B7EF5C04D} = {7D82BAE6-B06A-4095-977F-1AA0780061D1}
		{4DE238DA-F06A-4264-810F-42F4EAFA38C0} = {7D82BAE6-B06A-4095-977F-1AA0780061D1}
		{BA50C9D2-FB71-4F2A-97BA-53EBC4982738} = {7D82BAE6-B06A-4095-977F-1AA0780061D1}
		{774CFE1B-EEE8-4D49-9577-23C5A3DE948B} = {17A8EE38-C327-41A3-8D6D-4447E7648BA9}
		{9B3A39A5-4DE7-4D9F-B706-E64D20EBD8C5} = {17A8EE38-C327-41A3-8D6D-4447E7648BA9}
		{DB8D9B96-822B-46B3-AE3A-0FCAE0034152} = {17A8EE38-C327-41A3-8D6D-4447E7648BA9}
		{820956F8-168E-4AD9-AB07-B6613FC3DF1C} = {17A8EE38-C327-41A3-8D6D-4447E7648BA9}
		{F82238EC-C15E-4B19-B1DC-C557BFC68E03} = {D59E8B1C-91CB-4D17-B298-CB17F3924C94}
		{A42B170B-F756-4E0F-8175-332EDAA05BC7} = {D59E8B1C-91CB-4D17-B298-CB17F3924C94}
		{FF661E28-7CFE-48FF-B7F1-417258E68759} = {D59E8B1C-91CB-4D17-B298-CB17F3924C94}
		{E8C29EB5-32E4-4FD5-B0C8-9C8C74C1095B} = {D59E8B1C-91CB-4D17-B298-CB17F3924C94}
		{FDD9E3FB-8D7F-42A6-A23D-6AC5DF3078AA} = {D59E8B1C-91CB-4D17-B298-CB17F3924C94}
		{8647A496-2B2D-4E1D-AFFB-3E93A10FCFE4} = {FDD9E3FB-8D7F-42A6-A23D-6AC5DF3078AA}
		{8AE43F74-C991-413F-8947-5398ACE67EDD} = {FDD9E3FB-8D7F-42A6-A23D-6AC5DF3078AA}
		{0101504A-810E-4D98-8A53-9E5B4E263C6B} = {FDD9E3FB-8D7F-42A6-A23D-6AC5DF3078AA}
		{F749FC25-54C0-4105-8F90-3D03B5D2858C} = {D59E8B1C-91CB-4D17-B298-CB17F3924C94}
		{0AE18523-9FDF-4452-82E2-63C8A2AAFDD5} = {F749FC25-54C0-4105-8F90-3D03B5D2858C}
		{9A5C9934-0E70-4EA8-8305-66AB229139BB} = {F749FC25-54C0-4105-8F90-3D03B5D2858C}
		{B0995E0A-C6B0-44BA-B4BA-49272BCEBBB0} = {712BAD25-3B84-4F60-8C21-7722538F881C}
		{01CF46A2-DDA7-428A-A9BB-B5A02E370CC0} = {CB21EC55-408A-4F50-9244-DFA3AAE887DC}
		{878E21FA-6DA7-4B34-AF01-C30C027B44B1} = {CB21EC55-408A-4F50-9244-DFA3AAE887DC}
		{0587109D-E77D-4AD7-AAFC-89DF0B893EB7} = {608645FE-DA31-48E9-B29F-58EAEE50BDE7}
		{52D9EF47-6DE3-45CC-B3D6-D117E11B0038} = {608645FE-DA31-48E9-B29F-58EAEE50BDE7}
		{2A6C79DB-580C-47EA-AD86-C3D1BF83C0DB} = {8312F1A0-9A71-45D6-9215-1BEBB7A2B03A}
		{A52175E6-BE24-441F-9E07-5FD1EC84F658} = {2A6C79DB-580C-47EA-AD86-C3D1BF83C0DB}
		{93FCEAE1-EF60-4379-B9FB-1E7755B1DC82} = {2A6C79DB-580C-47EA-AD86-C3D1BF83C0DB}
		{F25289E8-0341-4AD0-9736-938BD91E8DC7} = {2A6C79DB-580C-47EA-AD86-C3D1BF83C0DB}
		{BF617F14-3B1D-47A9-A00D-5BF3C81CFA91} = {2A6C79DB-580C-47EA-AD86-C3D1BF83C0DB}
		{C8F24CAD-8FB9-402D-972F-149B65D8A67A} = {2A6C79DB-580C-47EA-AD86-C3D1BF83C0DB}
		{2FAACE23-355E-4967-9777-958AF283D337} = {2A6C79DB-580C-47EA-AD86-C3D1BF83C0DB}
		{F01D401A-1B84-420B-B4AC-66B0C2217225} = {2A6C79DB-580C-47EA-AD86-C3D1BF83C0DB}
		{1B0DBFF6-00AF-42E7-8B33-CBFD13BB27B0} = {2A6C79DB-580C-47EA-AD86-C3D1BF83C0DB}
		{0C984846-AB72-4865-99AD-81FD326CAF57} = {2A6C79DB-580C-47EA-AD86-C3D1BF83C0DB}
		{06F6C3AF-E7FD-471C-9035-8BC542FDE3E9} = {2A6C79DB-580C-47EA-AD86-C3D1BF83C0DB}
		{809F3FC0-23B1-4319-8CFA-2A862C52DF99} = {2A6C79DB-580C-47EA-AD86-C3D1BF83C0DB}
		{D8099B42-F5BF-4F27-9951-ECBA46A919AB} = {2A6C79DB-580C-47EA-AD86-C3D1BF83C0DB}
		{96FC0477-0333-4EBB-ADA5-A4C43B853DEB} = {2A6C79DB-580C-47EA-AD86-C3D1BF83C0DB}
		{B861CB51-F852-4871-A430-556FCD564ED6} = {2A6C79DB-580C-47EA-AD86-C3D1BF83C0DB}
		{0DA94CE4-2D73-42AA-808C-8921EFA63454} = {8312F1A0-9A71-45D6-9215-1BEBB7A2B03A}
		{759BE6A7-FC3A-4B28-A990-BE4AC3B12070} = {0DA94CE4-2D73-42AA-808C-8921EFA63454}
		{CF240C56-6EA8-457F-B019-E9CB2ACE1BD4} = {0DA94CE4-2D73-42AA-808C-8921EFA63454}
		{D9BF032C-53C8-4B8A-B5EF-2CC03F70AD5B} = {0DA94CE4-2D73-42AA-808C-8921EFA63454}
		{5F09B684-0613-4CA6-8FBE-E2A76FC1D617} = {0DA94CE4-2D73-42AA-808C-8921EFA63454}
		{E2A9AF69-719C-4BE5-B4E2-1BEC4446AF1B} = {0DA94CE4-2D73-42AA-808C-8921EFA63454}
		{DA9FF008-6837-45A0-9D62-F2E5D6E6AB1C} = {0DA94CE4-2D73-42AA-808C-8921EFA63454}
		{30666130-AF2E-408C-8AFC-AB3F2789616D} = {8312F1A0-9A71-45D6-9215-1BEBB7A2B03A}
		{1051EE36-F4CF-4B46-9F20-BAB6D75B3181} = {30666130-AF2E-408C-8AFC-AB3F2789616D}
		{76828638-7AFA-4AE7-B32B-C3FE439773F1} = {608645FE-DA31-48E9-B29F-58EAEE50BDE7}
		{FBB2B46B-4A94-443D-B3FA-DAA103181856} = {608645FE-DA31-48E9-B29F-58EAEE50BDE7}
		{0F106B27-E538-4E00-B829-1CAD6E4F4094} = {1ECBCF18-5BAD-4316-975D-B0059D4D6779}
		{DC6D7A2F-901F-4785-9B28-D274FDAA878F} = {1ECBCF18-5BAD-4316-975D-B0059D4D6779}
		{5DD6CA34-26BF-4D4E-A49A-AAFD8BF8D6BF} = {1ECBCF18-5BAD-4316-975D-B0059D4D6779}
		{082911CD-37F4-4269-909C-0D3E669634E5} = {30666130-AF2E-408C-8AFC-AB3F2789616D}
		{7EE589DA-939C-4D3B-9DD3-CFB4332C8ED8} = {1ECBCF18-5BAD-4316-975D-B0059D4D6779}
		{BCAE8546-D241-443C-9929-9B9C78653B65} = {1ECBCF18-5BAD-4316-975D-B0059D4D6779}
		{7A2BDFCF-C267-40D7-872E-DDB3B3AD9EFF} = {1ECBCF18-5BAD-4316-975D-B0059D4D6779}
		{ECC07A46-C503-429E-ADB6-09694D1387F9} = {2D89DFD3-DD8A-4816-AFDE-57BF8E0E2A23}
		{0B228168-8110-4E32-BA95-DF2D97282A8C} = {2D89DFD3-DD8A-4816-AFDE-57BF8E0E2A23}
		{101B972C-C897-4762-8483-F0B0C7BC6DBF} = {2D89DFD3-DD8A-4816-AFDE-57BF8E0E2A23}
		{57A43DFC-5433-4DAA-8FC1-0019A9B1F4E7} = {4043E6C6-2B13-4E37-900B-713DED4E6631}
		{9A44EFC7-9411-4D67-AF0F-CCC3CBB71983} = {4043E6C6-2B13-4E37-900B-713DED4E6631}
		{BCBA8780-AB83-4676-8593-F0461FA67D37} = {4043E6C6-2B13-4E37-900B-713DED4E6631}
		{3C28CEA1-BF89-46E8-A8E1-950F2E5E80CF} = {4043E6C6-2B13-4E37-900B-713DED4E6631}
		{E44E0C64-7522-4C1C-82C3-FCAC1020111E} = {4043E6C6-2B13-4E37-900B-713DED4E6631}
		{FB505E82-D1BE-4B6E-90E5-3121D95E529D} = {A1E83BEC-73E1-402D-9205-3605B5A8D1BF}
		{3D382501-FEC2-47EA-997B-D0DEE1045C4D} = {A1E83BEC-73E1-402D-9205-3605B5A8D1BF}
		{9E00E1A9-20FC-49D2-A7B6-F97A2535FA57} = {A1E83BEC-73E1-402D-9205-3605B5A8D1BF}
		{C5527108-EFF0-4CEE-9026-F4B5F3123A21} = {A1E83BEC-73E1-402D-9205-3605B5A8D1BF}
		{417BD64D-F022-458C-9E28-E17B53F01CB0} = {A1E83BEC-73E1-402D-9205-3605B5A8D1BF}
		{189447D6-E5B0-437C-9D8A-52C2C99EE384} = {A1E83BEC-73E1-402D-9205-3605B5A8D1BF}
		{806E68D1-0730-4B34-9FE1-19A05439F3C9} = {A1E83BEC-73E1-402D-9205-3605B5A8D1BF}
		{EFB1D03E-3E7E-46FE-8380-532DB373B6DC} = {2CF1359F-3B00-4A35-9888-D6BDE1A6C31E}
		{3CE1696F-0E12-406E-A9AC-A89748306728} = {2CF1359F-3B00-4A35-9888-D6BDE1A6C31E}
		{FE4D2040-6AB4-4093-8A85-2E5DB709F45A} = {2CF1359F-3B00-4A35-9888-D6BDE1A6C31E}
		{2E256B88-2726-4611-B270-1F1F09BC8DFB} = {2CF1359F-3B00-4A35-9888-D6BDE1A6C31E}
		{94EC5D7F-D6FD-478D-8B4E-00A260DF476F} = {2CF1359F-3B00-4A35-9888-D6BDE1A6C31E}
		{7A9B405B-F148-4F24-83F3-EEDDF3E5978F} = {40EABBAA-52DC-4EF5-B224-566B573F09FF}
		{A445FB46-B50A-4B2D-8E64-E23425CDF7CE} = {40EABBAA-52DC-4EF5-B224-566B573F09FF}
		{0D31204C-6F14-4B7E-8FA6-64215BAB2233} = {40EABBAA-52DC-4EF5-B224-566B573F09FF}
		{B0F67D7F-5997-450B-8820-3896B1E72334} = {40EABBAA-52DC-4EF5-B224-566B573F09FF}
		{2880126A-CD4E-44E0-BF81-EC6BC04892C8} = {608645FE-DA31-48E9-B29F-58EAEE50BDE7}
		{D2703134-1CEF-4877-B3FA-FF21947A530B} = {40EABBAA-52DC-4EF5-B224-566B573F09FF}
	EndGlobalSection
	GlobalSection(ExtensibilityGlobals) = postSolution
		SolutionGuid = {75B70631-2657-4D50-9B47-88DD1E348652}
	EndGlobalSection
EndGlobal
